
Microsoft Visual Studio Solution File, Format Version 12.00
# Visual Studio Version 17
VisualStudioVersion = 17.4.33205.214
MinimumVisualStudioVersion = 10.0.40219.1
Project("{9A19103F-16F7-4668-BE54-9A1E7A4F7556}") = "holaMundo.Server", "holaMundo\Server\holaMundo.Server.csproj", "{18819F82-B3D8-4548-9FB8-DD2D31B1BD72}"
EndProject
Project("{9A19103F-16F7-4668-BE54-9A1E7A4F7556}") = "holaMundo.Client", "holaMundo\Client\holaMundo.Client.csproj", "{9A2DC971-168C-46F9-95F9-1A49BBB52EA8}"
EndProject
Project("{FAE04EC0-301F-11D3-BF4B-00C04F79EFBC}") = "holaMundo.Shared", "holaMundo\Shared\holaMundo.Shared.csproj", "{253EB321-9810-49B2-8FB2-27160DF7C249}"
EndProject
Global
	GlobalSection(SolutionConfigurationPlatforms) = preSolution
		Debug|Any CPU = Debug|Any CPU
		Release|Any CPU = Release|Any CPU
	EndGlobalSection
	GlobalSection(ProjectConfigurationPlatforms) = postSolution
		{18819F82-B3D8-4548-9FB8-DD2D31B1BD72}.Debug|Any CPU.ActiveCfg = Debug|Any CPU
		{18819F82-B3D8-4548-9FB8-DD2D31B1BD72}.Debug|Any CPU.Build.0 = Debug|Any CPU
		{18819F82-B3D8-4548-9FB8-DD2D31B1BD72}.Release|Any CPU.ActiveCfg = Release|Any CPU
		{18819F82-B3D8-4548-9FB8-DD2D31B1BD72}.Release|Any CPU.Build.0 = Release|Any CPU
		{9A2DC971-168C-46F9-95F9-1A49BBB52EA8}.Debug|Any CPU.ActiveCfg = Debug|Any CPU
		{9A2DC971-168C-46F9-95F9-1A49BBB52EA8}.Debug|Any CPU.Build.0 = Debug|Any CPU
		{9A2DC971-168C-46F9-95F9-1A49BBB52EA8}.Release|Any CPU.ActiveCfg = Release|Any CPU
		{9A2DC971-168C-46F9-95F9-1A49BBB52EA8}.Release|Any CPU.Build.0 = Release|Any CPU
		{253EB321-9810-49B2-8FB2-27160DF7C249}.Debug|Any CPU.ActiveCfg = Debug|Any CPU
		{253EB321-9810-49B2-8FB2-27160DF7C249}.Debug|Any CPU.Build.0 = Debug|Any CPU
		{253EB321-9810-49B2-8FB2-27160DF7C249}.Release|Any CPU.ActiveCfg = Release|Any CPU
		{253EB321-9810-49B2-8FB2-27160DF7C249}.Release|Any CPU.Build.0 = Release|Any CPU
	EndGlobalSection
	GlobalSection(SolutionProperties) = preSolution
		HideSolutionNode = FALSE
	EndGlobalSection
	GlobalSection(ExtensibilityGlobals) = postSolution
		SolutionGuid = {D7061FCC-266E-46EC-BC3E-BA22DCF961B7}
	EndGlobalSection
EndGlobal
